
Microsoft Visual Studio Solution File, Format Version 12.00
# Visual Studio Version 16
VisualStudioVersion = 16.0.31911.196
MinimumVisualStudioVersion = 10.0.40219.1
Project("{FAE04EC0-301F-11D3-BF4B-00C04F79EFBC}") = "Console_Z10", "Console_Z10\Console_Z10.csproj", "{524C2914-370D-4560-B462-2A37267B17EE}"
EndProject
Global
	GlobalSection(SolutionConfigurationPlatforms) = preSolution
		Debug|Any CPU = Debug|Any CPU
		Release|Any CPU = Release|Any CPU
	EndGlobalSection
	GlobalSection(ProjectConfigurationPlatforms) = postSolution
		{524C2914-370D-4560-B462-2A37267B17EE}.Debug|Any CPU.ActiveCfg = Debug|Any CPU
		{524C2914-370D-4560-B462-2A37267B17EE}.Debug|Any CPU.Build.0 = Debug|Any CPU
		{524C2914-370D-4560-B462-2A37267B17EE}.Release|Any CPU.ActiveCfg = Release|Any CPU
		{524C2914-370D-4560-B462-2A37267B17EE}.Release|Any CPU.Build.0 = Release|Any CPU
	EndGlobalSection
	GlobalSection(SolutionProperties) = preSolution
		HideSolutionNode = FALSE
	EndGlobalSection
	GlobalSection(ExtensibilityGlobals) = postSolution
		SolutionGuid = {EDEB1879-0A9D-4F8D-868A-89AA83B5E2AC}
	EndGlobalSection
EndGlobal
